
Microsoft Visual Studio Solution File, Format Version 12.00
# Visual Studio Version 16
VisualStudioVersion = 16.0.28803.202
MinimumVisualStudioVersion = 10.0.40219.1
Project("{8BC9CEB8-8B4A-11D0-8D11-00A0C91BC942}") = "Book-Manager-System", "Book-Manager-System\Book-Manager-System.vcxproj", "{765DDC00-A29B-4947-858A-75337BC8F343}"
EndProject
Global
	GlobalSection(SolutionConfigurationPlatforms) = preSolution
		Debug|x64 = Debug|x64
		Debug|x86 = Debug|x86
		Release|x64 = Release|x64
		Release|x86 = Release|x86
	EndGlobalSection
	GlobalSection(ProjectConfigurationPlatforms) = postSolution
		{765DDC00-A29B-4947-858A-75337BC8F343}.Debug|x64.ActiveCfg = Debug|x64
		{765DDC00-A29B-4947-858A-75337BC8F343}.Debug|x64.Build.0 = Debug|x64
		{765DDC00-A29B-4947-858A-75337BC8F343}.Debug|x86.ActiveCfg = Debug|Win32
		{765DDC00-A29B-4947-858A-75337BC8F343}.Debug|x86.Build.0 = Debug|Win32
		{765DDC00-A29B-4947-858A-75337BC8F343}.Release|x64.ActiveCfg = Release|x64
		{765DDC00-A29B-4947-858A-75337BC8F343}.Release|x64.Build.0 = Release|x64
		{765DDC00-A29B-4947-858A-75337BC8F343}.Release|x86.ActiveCfg = Release|Win32
		{765DDC00-A29B-4947-858A-75337BC8F343}.Release|x86.Build.0 = Release|Win32
	EndGlobalSection
	GlobalSection(SolutionProperties) = preSolution
		HideSolutionNode = FALSE
	EndGlobalSection
	GlobalSection(ExtensibilityGlobals) = postSolution
		SolutionGuid = {4B78D301-8681-4779-AA65-47F9A68FE3A9}
	EndGlobalSection
EndGlobal
